
Microsoft Visual Studio Solution File, Format Version 12.00
# Visual Studio 2012
Project("{FAE04EC0-301F-11D3-BF4B-00C04F79EFBC}") = "Strategy", "Strategy\Strategy.csproj", "{734D170E-2277-4F8E-ABB3-F7DB91039426}"
EndProject
Project("{FAE04EC0-301F-11D3-BF4B-00C04F79EFBC}") = "Observer", "Observer\Observer.csproj", "{2054043B-8B08-465C-B869-1717A5F641F0}"
EndProject
Project("{FAE04EC0-301F-11D3-BF4B-00C04F79EFBC}") = "Decorator", "Decorator\Decorator.csproj", "{399D16D6-73D2-4630-959F-B2041C1A4447}"
EndProject
Project("{FAE04EC0-301F-11D3-BF4B-00C04F79EFBC}") = "FactorySimple", "FactorySimple\FactorySimple.csproj", "{9E951D59-BA66-4393-8B1D-FE02F1FD4BEA}"
EndProject
Project("{FAE04EC0-301F-11D3-BF4B-00C04F79EFBC}") = "FactoryMethod", "FactoryMethod\FactoryMethod.csproj", "{B8735B20-E320-457E-95AC-2F9B48E32513}"
EndProject
Project("{2150E333-8FDC-42A3-9474-1A3956D46DE8}") = "_Solution Items", "_Solution Items", "{4B500550-5952-479B-91D8-6F2A80AC73C6}"
	ProjectSection(SolutionItems) = preProject
		.gitignore = .gitignore
		README.md = README.md
	EndProjectSection
EndProject
Project("{FAE04EC0-301F-11D3-BF4B-00C04F79EFBC}") = "FactoryAbstract", "FactoryAbstract\FactoryAbstract.csproj", "{76B290A6-A7AA-49D1-AFE7-542C53A659EC}"
EndProject
Project("{FAE04EC0-301F-11D3-BF4B-00C04F79EFBC}") = "Singleton", "Singleton\Singleton.csproj", "{4505A6EC-2857-4611-87FB-70EEF15F791A}"
EndProject
Project("{FAE04EC0-301F-11D3-BF4B-00C04F79EFBC}") = "Command", "Command\Command.csproj", "{EC12F85D-082E-4BCA-AD0F-F02674D8EB64}"
EndProject
Project("{FAE04EC0-301F-11D3-BF4B-00C04F79EFBC}") = "Adapter", "Adapter\Adapter.csproj", "{63B937C6-4012-4CA4-B006-C0AA88F6D07F}"
EndProject
Project("{2150E333-8FDC-42A3-9474-1A3956D46DE8}") = "Creational", "Creational", "{06E8F902-DD93-4697-BA06-E80B28599065}"
EndProject
Project("{2150E333-8FDC-42A3-9474-1A3956D46DE8}") = "Structural", "Structural", "{8A72FABC-2BCB-41A9-8BF3-38B1899394E8}"
EndProject
Project("{2150E333-8FDC-42A3-9474-1A3956D46DE8}") = "Behavioural", "Behavioural", "{27782258-7CA8-41A6-9B14-9FD4AE5D7992}"
EndProject
Project("{FAE04EC0-301F-11D3-BF4B-00C04F79EFBC}") = "Facade", "Facade\Facade.csproj", "{0E65EEFA-F688-4B36-B2DE-FD8DFDFF5077}"
EndProject
Project("{FAE04EC0-301F-11D3-BF4B-00C04F79EFBC}") = "TemplateMethod", "TemplateMethod\TemplateMethod.csproj", "{4CB21C96-DB90-4834-8C50-97613B1A4990}"
EndProject
Project("{FAE04EC0-301F-11D3-BF4B-00C04F79EFBC}") = "Iterator", "Iterator\Iterator.csproj", "{FC80FBF8-1BC4-4ADD-8EF8-4CB6845B3EC7}"
EndProject
Project("{FAE04EC0-301F-11D3-BF4B-00C04F79EFBC}") = "Composite", "Composite\Composite.csproj", "{C92DB616-FC33-4EF0-AD03-8049800C913D}"
EndProject
Project("{FAE04EC0-301F-11D3-BF4B-00C04F79EFBC}") = "State", "State\State.csproj", "{F9CB8267-1FDA-44C1-B2A6-8EB5720FEDC9}"
EndProject
Global
	GlobalSection(SolutionConfigurationPlatforms) = preSolution
		Debug|Any CPU = Debug|Any CPU
		Release|Any CPU = Release|Any CPU
	EndGlobalSection
	GlobalSection(ProjectConfigurationPlatforms) = postSolution
		{734D170E-2277-4F8E-ABB3-F7DB91039426}.Debug|Any CPU.ActiveCfg = Debug|Any CPU
		{734D170E-2277-4F8E-ABB3-F7DB91039426}.Debug|Any CPU.Build.0 = Debug|Any CPU
		{734D170E-2277-4F8E-ABB3-F7DB91039426}.Release|Any CPU.ActiveCfg = Release|Any CPU
		{734D170E-2277-4F8E-ABB3-F7DB91039426}.Release|Any CPU.Build.0 = Release|Any CPU
		{2054043B-8B08-465C-B869-1717A5F641F0}.Debug|Any CPU.ActiveCfg = Debug|Any CPU
		{2054043B-8B08-465C-B869-1717A5F641F0}.Debug|Any CPU.Build.0 = Debug|Any CPU
		{2054043B-8B08-465C-B869-1717A5F641F0}.Release|Any CPU.ActiveCfg = Release|Any CPU
		{2054043B-8B08-465C-B869-1717A5F641F0}.Release|Any CPU.Build.0 = Release|Any CPU
		{399D16D6-73D2-4630-959F-B2041C1A4447}.Debug|Any CPU.ActiveCfg = Debug|Any CPU
		{399D16D6-73D2-4630-959F-B2041C1A4447}.Debug|Any CPU.Build.0 = Debug|Any CPU
		{399D16D6-73D2-4630-959F-B2041C1A4447}.Release|Any CPU.ActiveCfg = Release|Any CPU
		{399D16D6-73D2-4630-959F-B2041C1A4447}.Release|Any CPU.Build.0 = Release|Any CPU
		{9E951D59-BA66-4393-8B1D-FE02F1FD4BEA}.Debug|Any CPU.ActiveCfg = Debug|Any CPU
		{9E951D59-BA66-4393-8B1D-FE02F1FD4BEA}.Debug|Any CPU.Build.0 = Debug|Any CPU
		{9E951D59-BA66-4393-8B1D-FE02F1FD4BEA}.Release|Any CPU.ActiveCfg = Release|Any CPU
		{9E951D59-BA66-4393-8B1D-FE02F1FD4BEA}.Release|Any CPU.Build.0 = Release|Any CPU
		{B8735B20-E320-457E-95AC-2F9B48E32513}.Debug|Any CPU.ActiveCfg = Debug|Any CPU
		{B8735B20-E320-457E-95AC-2F9B48E32513}.Debug|Any CPU.Build.0 = Debug|Any CPU
		{B8735B20-E320-457E-95AC-2F9B48E32513}.Release|Any CPU.ActiveCfg = Release|Any CPU
		{B8735B20-E320-457E-95AC-2F9B48E32513}.Release|Any CPU.Build.0 = Release|Any CPU
		{76B290A6-A7AA-49D1-AFE7-542C53A659EC}.Debug|Any CPU.ActiveCfg = Debug|Any CPU
		{76B290A6-A7AA-49D1-AFE7-542C53A659EC}.Debug|Any CPU.Build.0 = Debug|Any CPU
		{76B290A6-A7AA-49D1-AFE7-542C53A659EC}.Release|Any CPU.ActiveCfg = Release|Any CPU
		{76B290A6-A7AA-49D1-AFE7-542C53A659EC}.Release|Any CPU.Build.0 = Release|Any CPU
		{4505A6EC-2857-4611-87FB-70EEF15F791A}.Debug|Any CPU.ActiveCfg = Debug|Any CPU
		{4505A6EC-2857-4611-87FB-70EEF15F791A}.Debug|Any CPU.Build.0 = Debug|Any CPU
		{4505A6EC-2857-4611-87FB-70EEF15F791A}.Release|Any CPU.ActiveCfg = Release|Any CPU
		{4505A6EC-2857-4611-87FB-70EEF15F791A}.Release|Any CPU.Build.0 = Release|Any CPU
		{EC12F85D-082E-4BCA-AD0F-F02674D8EB64}.Debug|Any CPU.ActiveCfg = Debug|Any CPU
		{EC12F85D-082E-4BCA-AD0F-F02674D8EB64}.Debug|Any CPU.Build.0 = Debug|Any CPU
		{EC12F85D-082E-4BCA-AD0F-F02674D8EB64}.Release|Any CPU.ActiveCfg = Release|Any CPU
		{EC12F85D-082E-4BCA-AD0F-F02674D8EB64}.Release|Any CPU.Build.0 = Release|Any CPU
		{63B937C6-4012-4CA4-B006-C0AA88F6D07F}.Debug|Any CPU.ActiveCfg = Debug|Any CPU
		{63B937C6-4012-4CA4-B006-C0AA88F6D07F}.Debug|Any CPU.Build.0 = Debug|Any CPU
		{63B937C6-4012-4CA4-B006-C0AA88F6D07F}.Release|Any CPU.ActiveCfg = Release|Any CPU
		{63B937C6-4012-4CA4-B006-C0AA88F6D07F}.Release|Any CPU.Build.0 = Release|Any CPU
		{0E65EEFA-F688-4B36-B2DE-FD8DFDFF5077}.Debug|Any CPU.ActiveCfg = Debug|Any CPU
		{0E65EEFA-F688-4B36-B2DE-FD8DFDFF5077}.Debug|Any CPU.Build.0 = Debug|Any CPU
		{0E65EEFA-F688-4B36-B2DE-FD8DFDFF5077}.Release|Any CPU.ActiveCfg = Release|Any CPU
		{0E65EEFA-F688-4B36-B2DE-FD8DFDFF5077}.Release|Any CPU.Build.0 = Release|Any CPU
		{4CB21C96-DB90-4834-8C50-97613B1A4990}.Debug|Any CPU.ActiveCfg = Debug|Any CPU
		{4CB21C96-DB90-4834-8C50-97613B1A4990}.Debug|Any CPU.Build.0 = Debug|Any CPU
		{4CB21C96-DB90-4834-8C50-97613B1A4990}.Release|Any CPU.ActiveCfg = Release|Any CPU
		{4CB21C96-DB90-4834-8C50-97613B1A4990}.Release|Any CPU.Build.0 = Release|Any CPU
		{FC80FBF8-1BC4-4ADD-8EF8-4CB6845B3EC7}.Debug|Any CPU.ActiveCfg = Debug|Any CPU
		{FC80FBF8-1BC4-4ADD-8EF8-4CB6845B3EC7}.Debug|Any CPU.Build.0 = Debug|Any CPU
		{FC80FBF8-1BC4-4ADD-8EF8-4CB6845B3EC7}.Release|Any CPU.ActiveCfg = Release|Any CPU
		{FC80FBF8-1BC4-4ADD-8EF8-4CB6845B3EC7}.Release|Any CPU.Build.0 = Release|Any CPU
		{C92DB616-FC33-4EF0-AD03-8049800C913D}.Debug|Any CPU.ActiveCfg = Debug|Any CPU
		{C92DB616-FC33-4EF0-AD03-8049800C913D}.Debug|Any CPU.Build.0 = Debug|Any CPU
		{C92DB616-FC33-4EF0-AD03-8049800C913D}.Release|Any CPU.ActiveCfg = Release|Any CPU
		{C92DB616-FC33-4EF0-AD03-8049800C913D}.Release|Any CPU.Build.0 = Release|Any CPU
		{F9CB8267-1FDA-44C1-B2A6-8EB5720FEDC9}.Debug|Any CPU.ActiveCfg = Debug|Any CPU
		{F9CB8267-1FDA-44C1-B2A6-8EB5720FEDC9}.Debug|Any CPU.Build.0 = Debug|Any CPU
		{F9CB8267-1FDA-44C1-B2A6-8EB5720FEDC9}.Release|Any CPU.ActiveCfg = Release|Any CPU
		{F9CB8267-1FDA-44C1-B2A6-8EB5720FEDC9}.Release|Any CPU.Build.0 = Release|Any CPU
	EndGlobalSection
	GlobalSection(SolutionProperties) = preSolution
		HideSolutionNode = FALSE
	EndGlobalSection
	GlobalSection(NestedProjects) = preSolution
		{2054043B-8B08-465C-B869-1717A5F641F0} = {27782258-7CA8-41A6-9B14-9FD4AE5D7992}
		{EC12F85D-082E-4BCA-AD0F-F02674D8EB64} = {27782258-7CA8-41A6-9B14-9FD4AE5D7992}
		{734D170E-2277-4F8E-ABB3-F7DB91039426} = {27782258-7CA8-41A6-9B14-9FD4AE5D7992}
		{4CB21C96-DB90-4834-8C50-97613B1A4990} = {27782258-7CA8-41A6-9B14-9FD4AE5D7992}
		{FC80FBF8-1BC4-4ADD-8EF8-4CB6845B3EC7} = {27782258-7CA8-41A6-9B14-9FD4AE5D7992}
		{F9CB8267-1FDA-44C1-B2A6-8EB5720FEDC9} = {27782258-7CA8-41A6-9B14-9FD4AE5D7992}
		{63B937C6-4012-4CA4-B006-C0AA88F6D07F} = {8A72FABC-2BCB-41A9-8BF3-38B1899394E8}
		{399D16D6-73D2-4630-959F-B2041C1A4447} = {8A72FABC-2BCB-41A9-8BF3-38B1899394E8}
		{0E65EEFA-F688-4B36-B2DE-FD8DFDFF5077} = {8A72FABC-2BCB-41A9-8BF3-38B1899394E8}
		{C92DB616-FC33-4EF0-AD03-8049800C913D} = {8A72FABC-2BCB-41A9-8BF3-38B1899394E8}
		{B8735B20-E320-457E-95AC-2F9B48E32513} = {06E8F902-DD93-4697-BA06-E80B28599065}
		{76B290A6-A7AA-49D1-AFE7-542C53A659EC} = {06E8F902-DD93-4697-BA06-E80B28599065}
		{4505A6EC-2857-4611-87FB-70EEF15F791A} = {06E8F902-DD93-4697-BA06-E80B28599065}
		{9E951D59-BA66-4393-8B1D-FE02F1FD4BEA} = {06E8F902-DD93-4697-BA06-E80B28599065}
	EndGlobalSection
EndGlobal
